<?xml version="1.0" encoding="utf-8"?>
<Project ToolsVersion="4.0" xmlns="http://schemas.microsoft.com/developer/msbuild/2003">
  <ItemGroup>
    <ClCompile Include="Render\Camera.cpp">
      <Filter>Render</Filter>
    </ClCompile>
    <ClCompile Include="Render\Render.cpp">
      <Filter>Render</Filter>
    </ClCompile>
    <ClCompile Include="RenderUtils.cpp" />
    <ClCompile Include="main.cpp" />
    <ClCompile Include="callbacks.cpp" />
    <ClCompile Include="particle.cpp" />
    <ClCompile Include="particleSystem.cpp" />
    <ClCompile Include="particleGenerator.cpp" />
    <ClCompile Include="gaussianParticleGenerator.cpp" />
    <ClCompile Include="uniformParticleGenerator.cpp" />
    <ClCompile Include="firework.cpp" />
  </ItemGroup>
  <ItemGroup>
    <ClInclude Include="core.hpp" />
    <ClInclude Include="Render\Camera.h">
      <Filter>Render</Filter>
    </ClInclude>
    <ClInclude Include="Render\Render.h">
      <Filter>Render</Filter>
    </ClInclude>
    <ClInclude Include="RenderUtils.hpp" />
    <ClInclude Include="callbacks.hpp" />
    <ClInclude Include="particle.h" />
    <ClInclude Include="particleSystem.h" />
    <ClInclude Include="particleGenerator.h" />
    <ClInclude Include="gaussianParticleGenerator.h" />
    <ClInclude Include="uniformParticleGenerator.h" />
    <ClInclude Include="firework.h" />
  </ItemGroup>
  <ItemGroup>
    <Filter Include="Render">
      <UniqueIdentifier>{d04b4f9f-5a69-465e-8070-25c6d0bcd3c2}</UniqueIdentifier>
    </Filter>
  </ItemGroup>
</Project>